
Microsoft Visual Studio Solution File, Format Version 12.00
# Visual Studio Version 16
VisualStudioVersion = 16.0.30309.148
MinimumVisualStudioVersion = 10.0.40219.1
Project("{9A19103F-16F7-4668-BE54-9A1E7A4F7556}") = "DirshuProject", "DirshuProject\DirshuProject.csproj", "{F128EAB0-8484-4A17-AB2C-CFCDE0B2D68E}"
EndProject
Project("{9A19103F-16F7-4668-BE54-9A1E7A4F7556}") = "Repositories", "Repositories\Repositories.csproj", "{86B6AAFC-FB32-4749-9597-D4F6431EE616}"
EndProject
Project("{9A19103F-16F7-4668-BE54-9A1E7A4F7556}") = "ServicesBL", "ServicesBL\ServicesBL.csproj", "{092147C2-86FE-492A-8738-2680C796676F}"
EndProject
Project("{9A19103F-16F7-4668-BE54-9A1E7A4F7556}") = "Common", "Common\Common.csproj", "{378E367F-5096-4D07-A5CE-BD34650EC6CA}"
EndProject
Project("{FAE04EC0-301F-11D3-BF4B-00C04F79EFBC}") = "Repository", "Repository\Repository.csproj", "{53ADB9BE-4006-4620-BF18-9B2C484E8AE9}"
EndProject
Global
	GlobalSection(SolutionConfigurationPlatforms) = preSolution
		Debug|Any CPU = Debug|Any CPU
		Release|Any CPU = Release|Any CPU
	EndGlobalSection
	GlobalSection(ProjectConfigurationPlatforms) = postSolution
		{F128EAB0-8484-4A17-AB2C-CFCDE0B2D68E}.Debug|Any CPU.ActiveCfg = Debug|Any CPU
		{F128EAB0-8484-4A17-AB2C-CFCDE0B2D68E}.Debug|Any CPU.Build.0 = Debug|Any CPU
		{F128EAB0-8484-4A17-AB2C-CFCDE0B2D68E}.Release|Any CPU.ActiveCfg = Release|Any CPU
		{F128EAB0-8484-4A17-AB2C-CFCDE0B2D68E}.Release|Any CPU.Build.0 = Release|Any CPU
		{86B6AAFC-FB32-4749-9597-D4F6431EE616}.Debug|Any CPU.ActiveCfg = Debug|Any CPU
		{86B6AAFC-FB32-4749-9597-D4F6431EE616}.Debug|Any CPU.Build.0 = Debug|Any CPU
		{86B6AAFC-FB32-4749-9597-D4F6431EE616}.Release|Any CPU.ActiveCfg = Release|Any CPU
		{86B6AAFC-FB32-4749-9597-D4F6431EE616}.Release|Any CPU.Build.0 = Release|Any CPU
		{092147C2-86FE-492A-8738-2680C796676F}.Debug|Any CPU.ActiveCfg = Debug|Any CPU
		{092147C2-86FE-492A-8738-2680C796676F}.Debug|Any CPU.Build.0 = Debug|Any CPU
		{092147C2-86FE-492A-8738-2680C796676F}.Release|Any CPU.ActiveCfg = Release|Any CPU
		{092147C2-86FE-492A-8738-2680C796676F}.Release|Any CPU.Build.0 = Release|Any CPU
		{378E367F-5096-4D07-A5CE-BD34650EC6CA}.Debug|Any CPU.ActiveCfg = Debug|Any CPU
		{378E367F-5096-4D07-A5CE-BD34650EC6CA}.Debug|Any CPU.Build.0 = Debug|Any CPU
		{378E367F-5096-4D07-A5CE-BD34650EC6CA}.Release|Any CPU.ActiveCfg = Release|Any CPU
		{378E367F-5096-4D07-A5CE-BD34650EC6CA}.Release|Any CPU.Build.0 = Release|Any CPU
		{53ADB9BE-4006-4620-BF18-9B2C484E8AE9}.Debug|Any CPU.ActiveCfg = Debug|Any CPU
		{53ADB9BE-4006-4620-BF18-9B2C484E8AE9}.Debug|Any CPU.Build.0 = Debug|Any CPU
		{53ADB9BE-4006-4620-BF18-9B2C484E8AE9}.Release|Any CPU.ActiveCfg = Release|Any CPU
		{53ADB9BE-4006-4620-BF18-9B2C484E8AE9}.Release|Any CPU.Build.0 = Release|Any CPU
	EndGlobalSection
	GlobalSection(SolutionProperties) = preSolution
		HideSolutionNode = FALSE
	EndGlobalSection
	GlobalSection(ExtensibilityGlobals) = postSolution
		SolutionGuid = {5340BF27-2DEE-480A-A1DC-432237A8758C}
	EndGlobalSection
EndGlobal
